
Microsoft Visual Studio Solution File, Format Version 12.00
# Visual Studio Version 16
VisualStudioVersion = 16.0.31515.178
MinimumVisualStudioVersion = 10.0.40219.1
Project("{2150E333-8FDC-42A3-9474-1A3956D46DE8}") = "Services", "Services", "{D59C4FC5-0B9A-4D42-AC84-6B0D343CB37F}"
EndProject
Project("{2150E333-8FDC-42A3-9474-1A3956D46DE8}") = "Catalog", "Catalog", "{C47AA9E4-BECA-4EA0-BD43-E43AFE297A5B}"
EndProject
Project("{9A19103F-16F7-4668-BE54-9A1E7A4F7556}") = "Catalog.API", "Services\Catalog\Catalog.API\Catalog.API.csproj", "{DF322D07-C216-4EA1-9BBE-80253FFC8456}"
EndProject
Project("{E53339B2-1760-4266-BCC7-CA923CBCF16C}") = "docker-compose", "docker-compose.dcproj", "{682257BB-E91F-4C76-8753-FC3164BC9751}"
EndProject
Project("{2150E333-8FDC-42A3-9474-1A3956D46DE8}") = "Basket", "Basket", "{07EC5096-638E-48E8-A532-A8B387DDFBC5}"
EndProject
Project("{9A19103F-16F7-4668-BE54-9A1E7A4F7556}") = "Basket.API", "Services\Basket\Basket.API\Basket.API.csproj", "{922F51C8-EA4A-442A-868A-3F4282BC4E3D}"
EndProject
Project("{2150E333-8FDC-42A3-9474-1A3956D46DE8}") = "Discount", "Discount", "{C0CB9AE7-B700-4AB7-91B1-A51E7360B9F1}"
EndProject
Project("{9A19103F-16F7-4668-BE54-9A1E7A4F7556}") = "Discount.API", "Services\Discount\Discount.API\Discount.API.csproj", "{7EAAC391-D785-4D29-8C7E-68B8828CA713}"
EndProject
Project("{9A19103F-16F7-4668-BE54-9A1E7A4F7556}") = "Discount.Grpc", "Services\Discount\Discount.Grpc\Discount.Grpc.csproj", "{7C600759-23E5-4095-84D0-4D27B34DBC04}"
EndProject
Project("{2150E333-8FDC-42A3-9474-1A3956D46DE8}") = "Ordering", "Ordering", "{3A9332D8-31B1-4547-848A-6701C6A939D3}"
EndProject
Project("{9A19103F-16F7-4668-BE54-9A1E7A4F7556}") = "Ordering.API", "Services\Ordering\Ordering.API\Ordering.API.csproj", "{0813B7C4-0E30-4CD7-A0A2-4478E9D5524A}"
EndProject
Project("{9A19103F-16F7-4668-BE54-9A1E7A4F7556}") = "Ordering.Domain", "Services\Ordering\Ordering.Domain\Ordering.Domain.csproj", "{A8404B29-602E-4EB4-92D0-964E4FC97515}"
EndProject
Project("{9A19103F-16F7-4668-BE54-9A1E7A4F7556}") = "Ordering.Application", "Services\Ordering\Ordering.Application\Ordering.Application.csproj", "{88AA5DCA-EE9E-481E-A119-C2FE89324CFE}"
EndProject
Project("{9A19103F-16F7-4668-BE54-9A1E7A4F7556}") = "Ordering.Infrastructure", "Services\Ordering\Ordering.Infrastructure\Ordering.Infrastructure.csproj", "{592DC870-5F8E-4842-98A0-E5F68B2D9F6C}"
EndProject
Project("{2150E333-8FDC-42A3-9474-1A3956D46DE8}") = "BuildingBlocks", "BuildingBlocks", "{40B342B5-3F58-4758-A311-082F6CEB2339}"
EndProject
Project("{9A19103F-16F7-4668-BE54-9A1E7A4F7556}") = "EventBus.Messages", "BuildingBlocks\EventBus.Messages\EventBus.Messages.csproj", "{A582BF85-91B7-47D6-ACAB-7E1E4DB0F8B4}"
EndProject
Project("{2150E333-8FDC-42A3-9474-1A3956D46DE8}") = "ApiGateways", "ApiGateways", "{A0A3A439-F16E-45D3-BF8B-54FB7BEA2E65}"
EndProject
Project("{FAE04EC0-301F-11D3-BF4B-00C04F79EFBC}") = "OcelotApiGw", "ApiGateways\OcelotApiGw\OcelotApiGw.csproj", "{6BC74A6B-15D3-4B7F-BCF0-33563E5B1903}"
EndProject
Global
	GlobalSection(SolutionConfigurationPlatforms) = preSolution
		Debug|Any CPU = Debug|Any CPU
		Release|Any CPU = Release|Any CPU
	EndGlobalSection
	GlobalSection(ProjectConfigurationPlatforms) = postSolution
		{DF322D07-C216-4EA1-9BBE-80253FFC8456}.Debug|Any CPU.ActiveCfg = Debug|Any CPU
		{DF322D07-C216-4EA1-9BBE-80253FFC8456}.Debug|Any CPU.Build.0 = Debug|Any CPU
		{DF322D07-C216-4EA1-9BBE-80253FFC8456}.Release|Any CPU.ActiveCfg = Release|Any CPU
		{DF322D07-C216-4EA1-9BBE-80253FFC8456}.Release|Any CPU.Build.0 = Release|Any CPU
		{682257BB-E91F-4C76-8753-FC3164BC9751}.Debug|Any CPU.ActiveCfg = Debug|Any CPU
		{682257BB-E91F-4C76-8753-FC3164BC9751}.Debug|Any CPU.Build.0 = Debug|Any CPU
		{682257BB-E91F-4C76-8753-FC3164BC9751}.Release|Any CPU.ActiveCfg = Release|Any CPU
		{682257BB-E91F-4C76-8753-FC3164BC9751}.Release|Any CPU.Build.0 = Release|Any CPU
		{922F51C8-EA4A-442A-868A-3F4282BC4E3D}.Debug|Any CPU.ActiveCfg = Debug|Any CPU
		{922F51C8-EA4A-442A-868A-3F4282BC4E3D}.Debug|Any CPU.Build.0 = Debug|Any CPU
		{922F51C8-EA4A-442A-868A-3F4282BC4E3D}.Release|Any CPU.ActiveCfg = Release|Any CPU
		{922F51C8-EA4A-442A-868A-3F4282BC4E3D}.Release|Any CPU.Build.0 = Release|Any CPU
		{7EAAC391-D785-4D29-8C7E-68B8828CA713}.Debug|Any CPU.ActiveCfg = Debug|Any CPU
		{7EAAC391-D785-4D29-8C7E-68B8828CA713}.Debug|Any CPU.Build.0 = Debug|Any CPU
		{7EAAC391-D785-4D29-8C7E-68B8828CA713}.Release|Any CPU.ActiveCfg = Release|Any CPU
		{7EAAC391-D785-4D29-8C7E-68B8828CA713}.Release|Any CPU.Build.0 = Release|Any CPU
		{7C600759-23E5-4095-84D0-4D27B34DBC04}.Debug|Any CPU.ActiveCfg = Debug|Any CPU
		{7C600759-23E5-4095-84D0-4D27B34DBC04}.Debug|Any CPU.Build.0 = Debug|Any CPU
		{7C600759-23E5-4095-84D0-4D27B34DBC04}.Release|Any CPU.ActiveCfg = Release|Any CPU
		{7C600759-23E5-4095-84D0-4D27B34DBC04}.Release|Any CPU.Build.0 = Release|Any CPU
		{0813B7C4-0E30-4CD7-A0A2-4478E9D5524A}.Debug|Any CPU.ActiveCfg = Debug|Any CPU
		{0813B7C4-0E30-4CD7-A0A2-4478E9D5524A}.Debug|Any CPU.Build.0 = Debug|Any CPU
		{0813B7C4-0E30-4CD7-A0A2-4478E9D5524A}.Release|Any CPU.ActiveCfg = Release|Any CPU
		{0813B7C4-0E30-4CD7-A0A2-4478E9D5524A}.Release|Any CPU.Build.0 = Release|Any CPU
		{A8404B29-602E-4EB4-92D0-964E4FC97515}.Debug|Any CPU.ActiveCfg = Debug|Any CPU
		{A8404B29-602E-4EB4-92D0-964E4FC97515}.Debug|Any CPU.Build.0 = Debug|Any CPU
		{A8404B29-602E-4EB4-92D0-964E4FC97515}.Release|Any CPU.ActiveCfg = Release|Any CPU
		{A8404B29-602E-4EB4-92D0-964E4FC97515}.Release|Any CPU.Build.0 = Release|Any CPU
		{88AA5DCA-EE9E-481E-A119-C2FE89324CFE}.Debug|Any CPU.ActiveCfg = Debug|Any CPU
		{88AA5DCA-EE9E-481E-A119-C2FE89324CFE}.Debug|Any CPU.Build.0 = Debug|Any CPU
		{88AA5DCA-EE9E-481E-A119-C2FE89324CFE}.Release|Any CPU.ActiveCfg = Release|Any CPU
		{88AA5DCA-EE9E-481E-A119-C2FE89324CFE}.Release|Any CPU.Build.0 = Release|Any CPU
		{592DC870-5F8E-4842-98A0-E5F68B2D9F6C}.Debug|Any CPU.ActiveCfg = Debug|Any CPU
		{592DC870-5F8E-4842-98A0-E5F68B2D9F6C}.Debug|Any CPU.Build.0 = Debug|Any CPU
		{592DC870-5F8E-4842-98A0-E5F68B2D9F6C}.Release|Any CPU.ActiveCfg = Release|Any CPU
		{592DC870-5F8E-4842-98A0-E5F68B2D9F6C}.Release|Any CPU.Build.0 = Release|Any CPU
		{A582BF85-91B7-47D6-ACAB-7E1E4DB0F8B4}.Debug|Any CPU.ActiveCfg = Debug|Any CPU
		{A582BF85-91B7-47D6-ACAB-7E1E4DB0F8B4}.Debug|Any CPU.Build.0 = Debug|Any CPU
		{A582BF85-91B7-47D6-ACAB-7E1E4DB0F8B4}.Release|Any CPU.ActiveCfg = Release|Any CPU
		{A582BF85-91B7-47D6-ACAB-7E1E4DB0F8B4}.Release|Any CPU.Build.0 = Release|Any CPU
		{6BC74A6B-15D3-4B7F-BCF0-33563E5B1903}.Debug|Any CPU.ActiveCfg = Debug|Any CPU
		{6BC74A6B-15D3-4B7F-BCF0-33563E5B1903}.Debug|Any CPU.Build.0 = Debug|Any CPU
		{6BC74A6B-15D3-4B7F-BCF0-33563E5B1903}.Release|Any CPU.ActiveCfg = Release|Any CPU
		{6BC74A6B-15D3-4B7F-BCF0-33563E5B1903}.Release|Any CPU.Build.0 = Release|Any CPU
	EndGlobalSection
	GlobalSection(SolutionProperties) = preSolution
		HideSolutionNode = FALSE
	EndGlobalSection
	GlobalSection(NestedProjects) = preSolution
		{C47AA9E4-BECA-4EA0-BD43-E43AFE297A5B} = {D59C4FC5-0B9A-4D42-AC84-6B0D343CB37F}
		{DF322D07-C216-4EA1-9BBE-80253FFC8456} = {C47AA9E4-BECA-4EA0-BD43-E43AFE297A5B}
		{07EC5096-638E-48E8-A532-A8B387DDFBC5} = {D59C4FC5-0B9A-4D42-AC84-6B0D343CB37F}
		{922F51C8-EA4A-442A-868A-3F4282BC4E3D} = {07EC5096-638E-48E8-A532-A8B387DDFBC5}
		{C0CB9AE7-B700-4AB7-91B1-A51E7360B9F1} = {D59C4FC5-0B9A-4D42-AC84-6B0D343CB37F}
		{7EAAC391-D785-4D29-8C7E-68B8828CA713} = {C0CB9AE7-B700-4AB7-91B1-A51E7360B9F1}
		{7C600759-23E5-4095-84D0-4D27B34DBC04} = {C0CB9AE7-B700-4AB7-91B1-A51E7360B9F1}
		{3A9332D8-31B1-4547-848A-6701C6A939D3} = {D59C4FC5-0B9A-4D42-AC84-6B0D343CB37F}
		{0813B7C4-0E30-4CD7-A0A2-4478E9D5524A} = {3A9332D8-31B1-4547-848A-6701C6A939D3}
		{A8404B29-602E-4EB4-92D0-964E4FC97515} = {3A9332D8-31B1-4547-848A-6701C6A939D3}
		{88AA5DCA-EE9E-481E-A119-C2FE89324CFE} = {3A9332D8-31B1-4547-848A-6701C6A939D3}
		{592DC870-5F8E-4842-98A0-E5F68B2D9F6C} = {3A9332D8-31B1-4547-848A-6701C6A939D3}
		{A582BF85-91B7-47D6-ACAB-7E1E4DB0F8B4} = {40B342B5-3F58-4758-A311-082F6CEB2339}
		{6BC74A6B-15D3-4B7F-BCF0-33563E5B1903} = {A0A3A439-F16E-45D3-BF8B-54FB7BEA2E65}
	EndGlobalSection
	GlobalSection(ExtensibilityGlobals) = postSolution
		SolutionGuid = {693B1AB9-7805-413E-9E4D-38A88E892F72}
	EndGlobalSection
EndGlobal
